{
  "version": 4,
  "terraform_version": "1.14.9",
  "serial": 3,
  "lineage": "0528e5d4-5207-0647-d563-2d7db2fa7da7",
  "outputs": {},
  "resources": [
    {
      "mode": "managed",
      "type": "fivetran_connector",
      "name": "connector",
      "provider": "provider[\"registry.terraform.io/fivetran/fivetran\"]",
      "instances": [
        {
          "schema_version": 4,
          "attributes": {
            "auth": null,
            "config": {
              "abs_connection_method": null,
              "abs_connection_string": null,
              "abs_container_address": null,
              "abs_container_name": null,
              "abs_export_connection_string": null,
              "abs_export_container_name": null,
              "abs_export_prefix": null,
              "abs_host_ip": null,
              "abs_host_user": null,
              "abs_prefix": null,
              "abs_public_key": null,
              "academy_id": null,
              "access_confirmation": null,
              "access_id": null,
              "access_key": null,
              "access_key_id": null,
              "access_key_secret": null,
              "access_token": null,
              "access_type": null,
              "account": null,
              "account_access_token": null,
              "account_id": null,
              "account_ids": null,
              "account_key": null,
              "account_name": null,
              "account_plan": null,
              "account_region": null,
              "account_sid": null,
              "account_sync_mode": null,
              "account_token": null,
              "account_type": null,
              "accounts": null,
              "accounts_reddit_ads": [],
              "accounts_sync_mode": null,
              "action_breakdowns": null,
              "action_report_time": null,
              "ad_analytics": null,
              "ad_unit_view": null,
              "admin_api_key": null,
              "admin_username": null,
              "adobe_analytics_configurations": [],
              "advertisables": null,
              "advertisers": null,
              "advertisers_id": null,
              "advertisers_sync_mode": null,
              "advertisers_with_seat": null,
              "agent_config_method": null,
              "agent_host": null,
              "agent_id": null,
              "agent_ora_home": null,
              "agent_password": null,
              "agent_port": null,
              "agent_public_cert": null,
              "agent_user": null,
              "aggregation": null,
              "agreement_grant_token": null,
              "algorithm": null,
              "always_encrypted": null,
              "api": null,
              "api_access_token": null,
              "api_admin_key": null,
              "api_environment": null,
              "api_id": null,
              "api_integration_type": null,
              "api_key": null,
              "api_key_2": null,
              "api_key_api_secret": null,
              "api_keys": null,
              "api_password": null,
              "api_quota": null,
              "api_read_access_token": null,
              "api_requests_per_minute": null,
              "api_role": null,
              "api_secret": null,
              "api_secret_key": null,
              "api_server": null,
              "api_token": null,
              "api_type": null,
              "api_url": null,
              "api_url_region": null,
              "api_usage": null,
              "api_usage_limit": null,
              "api_user_identifier": null,
              "api_user_secret": null,
              "api_username": null,
              "api_utilization_percentage": null,
              "api_version": null,
              "app_id": null,
              "app_ids": null,
              "app_ids_appsflyer": [],
              "app_key": null,
              "app_level": null,
              "app_reference": null,
              "app_secret": null,
              "app_secret_token": null,
              "app_specific_password": null,
              "app_sync_mode": null,
              "app_url": null,
              "append_file_option": null,
              "application_id": null,
              "application_key": null,
              "application_name": null,
              "apps": null,
              "archive_log_format": null,
              "archive_log_path": null,
              "archive_pattern": null,
              "are_soap_credentials_provided": null,
              "asb_ip": null,
              "asm_option": null,
              "asm_oracle_home": null,
              "asm_password": null,
              "asm_tns": null,
              "asm_user": null,
              "attribution_window": null,
              "attribution_window_size": null,
              "audience": null,
              "auth": null,
              "auth_code": null,
              "auth_environment": null,
              "auth_header_key": null,
              "auth_method": null,
              "auth_mode": null,
              "auth_secret": null,
              "auth_token": null,
              "auth_type": null,
              "auth_url_region": null,
              "authentication_method": null,
              "authorization_method": null,
              "authorization_url": null,
              "aws_credentials": null,
              "aws_region_code": null,
              "azure_credentials": null,
              "backint_configuration_path": null,
              "backint_executable_path": null,
              "backup_log_format": null,
              "backup_log_path": null,
              "backup_storage_type": null,
              "backward_sync_limit": null,
              "backward_sync_limit_date": null,
              "base_currency": null,
              "base_domain": null,
              "base_id": null,
              "base_url": null,
              "bearer_token": null,
              "binary_log_truncater": null,
              "binary_log_type": null,
              "binary_representation": null,
              "blob_sas_url": null,
              "blockchain": null,
              "brand_id": null,
              "breakdowns": null,
              "bucket": null,
              "bucket_name": null,
              "bucket_service": null,
              "business_accounts": null,
              "business_category": null,
              "business_id": null,
              "business_unit": null,
              "business_unit_id": null,
              "calendly_plan": null,
              "campaign_query_lookback_window_in_days": null,
              "capture_deletes": null,
              "catalog": null,
              "certificate": null,
              "certificate_id": null,
              "click_attribution_window": null,
              "client": null,
              "client_cert": null,
              "client_cert_key": null,
              "client_certificate": null,
              "client_certificate_private_key": null,
              "client_host": null,
              "client_id": null,
              "client_key": null,
              "client_name": null,
              "client_namespace": null,
              "client_private_key": null,
              "client_public_certificate": null,
              "client_secret": null,
              "cloud_storage_type": null,
              "collection_address": null,
              "columns": null,
              "community_api_key_name": null,
              "community_domain": null,
              "community_id": null,
              "companies": null,
              "company": null,
              "company_id": null,
              "company_ids": null,
              "company_key": null,
              "company_name": null,
              "company_request_token": null,
              "company_uuid": null,
              "compression": null,
              "config_method": null,
              "config_repository_url": null,
              "config_type": null,
              "connect_password": null,
              "connect_username": null,
              "connecting_user": null,
              "connecting_user_email": null,
              "connection_method": null,
              "connection_name": null,
              "connection_string": null,
              "connection_type": null,
              "console_url": null,
              "consumer_group": null,
              "consumer_key": null,
              "consumer_name": null,
              "consumer_secret": null,
              "container_address": null,
              "container_name": null,
              "content_owner_id": null,
              "contract_version": null,
              "conversation_webhook_url": null,
              "conversion_dimensions": null,
              "conversion_report_time": null,
              "conversion_window_size": null,
              "convert_dats_type_to_date": null,
              "country": null,
              "csv_definition": null,
              "currency": null,
              "custom_base_url": null,
              "custom_dimension_key_ids": null,
              "custom_event_sync_mode": null,
              "custom_events": null,
              "custom_field_ids": null,
              "custom_floodlight_variables": null,
              "custom_payloads": [],
              "custom_rate_limit": null,
              "custom_region": null,
              "custom_reports": [],
              "custom_tables": [],
              "custom_url": null,
              "customer_api_key": null,
              "customer_id": null,
              "customer_list_id": null,
              "daily_api_call_limit": null,
              "data_access_method": null,
              "data_center": null,
              "data_center_id": null,
              "data_model_path_alias_list": [],
              "data_region": null,
              "data_set_name": null,
              "database": null,
              "database_name": null,
              "dataset_id": null,
              "datasource": null,
              "date_granularity": null,
              "db": null,
              "default_host": null,
              "delete_capture_frequency": null,
              "delimiter": null,
              "developer_reference": null,
              "dimension_attributes": null,
              "dimensions": null,
              "direct_capture_method": null,
              "directories": null,
              "directory_sync_mode": null,
              "distributed_connector_cluster_size": null,
              "distribution_incremental_fetch_window_days": null,
              "domain": null,
              "domain_host_name": null,
              "domain_name": null,
              "domain_prefix": null,
              "domain_type": null,
              "dsv_password": null,
              "dsv_service_auth": null,
              "dsv_subscription_key": null,
              "dsv_username": null,
              "ecommerce_stores": null,
              "edition": null,
              "effective_date_disabled": null,
              "ekm_key_identifiers": null,
              "elements": null,
              "email": null,
              "email_address": null,
              "email_id": null,
              "empty_header": null,
              "enable_all_dimension_combinations": null,
              "enable_archive_log_only": null,
              "enable_data_extensions_syncing": null,
              "enable_distributed_connector_mode": null,
              "enable_enrichments": null,
              "enable_exports": null,
              "enable_mtls_connection": null,
              "enable_tde": null,
              "enable_tde_encryption": null,
              "encoded_public_key": null,
              "encryption_key": null,
              "endpoint": null,
              "endpoint_url": null,
              "engagement_attribution_window": null,
              "enhanced_pass_ticket_type": null,
              "enriched_export": null,
              "entity_id": null,
              "entra_app_id": null,
              "entra_tenant_id": null,
              "environment": null,
              "environment_host": null,
              "environment_name": null,
              "escape_char": null,
              "escape_char_options": null,
              "eu_region": null,
              "events": null,
              "export_native_types_as_pdf": null,
              "export_storage_type": null,
              "external_id": null,
              "extraction_pattern": null,
              "facility_codes": null,
              "fields": null,
              "file_handling": null,
              "file_mapping_method": null,
              "file_type": null,
              "files": [],
              "filter": null,
              "finance_account_sync_mode": null,
              "finance_accounts": null,
              "folder": null,
              "folder_id": null,
              "folder_path": null,
              "forecast_id": null,
              "ftp_host": null,
              "ftp_password": null,
              "ftp_port": null,
              "ftp_user": null,
              "function": null,
              "function_app": null,
              "function_key": null,
              "function_name": null,
              "function_trigger": null,
              "gcs_bucket": null,
              "gcs_credentials": null,
              "gcs_export_bucket": null,
              "gcs_export_folder": null,
              "gcs_folder": null,
              "generate_fivetran_pk": null,
              "group": null,
              "group_id": null,
              "group_name": null,
              "hana_backup_password": null,
              "hana_db_port": null,
              "hana_mode": null,
              "has_manage_permissions": null,
              "historic_sync_time_frame": null,
              "historical_sync_limit": null,
              "historical_sync_limit_date": null,
              "historical_sync_limit_time_frame": null,
              "historical_sync_time_frame": null,
              "home_folder": null,
              "host": null,
              "host_ip": null,
              "host_name": null,
              "host_url": null,
              "host_user": null,
              "hostname": null,
              "hosts": null,
              "http_path": null,
              "identifier": null,
              "identity": null,
              "include_inherited_columns": null,
              "include_ocapi_endpoints": null,
              "instance": null,
              "instance_code": null,
              "instance_number": null,
              "instance_url": null,
              "integration_key": null,
              "ip_address": null,
              "is_account_level_connector": null,
              "is_auth2_enabled": null,
              "is_custom_api_credentials": null,
              "is_external_activities_endpoint_selected": null,
              "is_ftps": null,
              "is_keypair": null,
              "is_multi_entity_feature_enabled": null,
              "is_new_package": null,
              "is_private_key_encrypted": null,
              "is_private_link_required": null,
              "is_public": null,
              "is_sailthru_connect_enabled": null,
              "is_secure": null,
              "is_sftp_creds_available": null,
              "is_single_table_mode": null,
              "is_test_account": null,
              "is_vendor": null,
              "issuer": null,
              "issuer_id": "test_fivetran_itunes_connect_username",
              "json_delivery_mode": null,
              "key": null,
              "key_id": null,
              "key_password": null,
              "key_store_type": null,
              "keystore": null,
              "keystore_password": null,
              "last_synced_changes__utc_": null,
              "latest_version": null,
              "legal_entity_id": null,
              "limit_for_api_calls_to_external_activities_endpoint": null,
              "line_separator": null,
              "list_id": null,
              "list_of_company_ids": null,
              "list_strategy": null,
              "list_sync_mode": null,
              "location_ids": null,
              "log_journal": null,
              "log_journal_schema": null,
              "log_on_group": null,
              "login": null,
              "login_password": null,
              "look_back_window_for_gl_batch_endpoint": null,
              "manager_accounts": null,
              "max_api_requests_per_day": null,
              "merchant_id": null,
              "message_type": null,
              "metric_id": null,
              "metrics": null,
              "ms_host": null,
              "ms_serv": null,
              "named_range": null,
              "namespace": null,
              "network_code": null,
              "non_standard_escape_char": null,
              "null_sequence": null,
              "oauth_subscription_key": null,
              "oauth_token": null,
              "oauth_token_secret": null,
              "ocapi_client_id": null,
              "ocapi_client_secret": null,
              "ocapi_custom_object_types": null,
              "ocapi_hostname": null,
              "odbc_driver_manager_library_path": null,
              "odbc_sys_ini_path": null,
              "on_error": null,
              "on_premise": null,
              "org_id": null,
              "organization": null,
              "organization_domain": null,
              "organization_id": null,
              "organization_name": null,
              "organizations": null,
              "package_id": null,
              "packed_mode_tables": null,
              "packing_mode": null,
              "pages": null,
              "partner_code": null,
              "partner_user_id": null,
              "partner_user_secret": null,
              "partners": null,
              "pass_phrase": null,
              "passphrase": null,
              "password": null,
              "pat": null,
              "pat_name": null,
              "pat_secret": null,
              "path": null,
              "pats": null,
              "pattern": null,
              "pdb_name": null,
              "pem_certificate": null,
              "pem_private_key": null,
              "per_interaction_dimensions": null,
              "personal_access_token": null,
              "personal_api_token": null,
              "pgp_pass_phrase": null,
              "pgp_secret_key": null,
              "phone_number": null,
              "plan": null,
              "plan_type": null,
              "port": null,
              "post_click_attribution_window_size": null,
              "prebuilt_report": null,
              "prefix": null,
              "primary_key": null,
              "primary_keys": null,
              "prioritise_bulk_export_over_rest": null,
              "private_access_token": null,
              "private_key": null,
              "private_token": null,
              "product": null,
              "profiles": null,
              "profiles_amazon_dsp": null,
              "project_access_token": null,
              "project_credentials": [],
              "project_id": null,
              "project_ids": null,
              "project_key": null,
              "project_website_url": null,
              "projects": null,
              "properties": null,
              "property_id": null,
              "public_key": null,
              "publication_name": null,
              "publisher_id": null,
              "pull_archived_campaigns": null,
              "python_version": null,
              "query_id": null,
              "query_param_value": null,
              "queue_name": null,
              "quota_project_id": null,
              "quote_char": null,
              "quote_character_enabled": null,
              "r3_name": null,
              "rate_limit_plan": null,
              "refresh_token": null,
              "refresh_token_expires_at": null,
              "region": null,
              "region_api_url": null,
              "region_auth_url": null,
              "region_token_url": null,
              "region_url": null,
              "replica_id": null,
              "replication_slot": null,
              "report_configs": [],
              "report_configuration_ids": null,
              "report_format_type": null,
              "report_granularity": null,
              "report_keys": null,
              "report_list": [],
              "report_service_api_key": null,
              "report_suites": null,
              "report_timezone": null,
              "report_type": null,
              "report_url": null,
              "reports": [],
              "reports_linkedin_ads": null,
              "repositories": null,
              "resource_token": null,
              "resource_url": null,
              "rest_api_limit": null,
              "return_full_schedule": null,
              "rfc_library_path": null,
              "role": null,
              "role_arn": null,
              "rollback_window": null,
              "rollback_window_size": null,
              "root_resource_id": null,
              "s3_bucket": null,
              "s3_export_bucket": null,
              "s3_export_external_id": null,
              "s3_export_folder": null,
              "s3_export_role_arn": null,
              "s3_role_arn": null,
              "s3bucket": null,
              "s3external_id": null,
              "s3folder": null,
              "s3path": null,
              "s3role_arn": null,
              "sales_account_sync_mode": null,
              "sales_accounts": null,
              "salesforce_security_token": null,
              "sandbox_account": null,
              "sandbox_name": null,
              "sap_hana_connection_mode": null,
              "sap_router": null,
              "sap_schema": null,
              "sap_source_schema": null,
              "sap_user": null,
              "sasl_mechanism": null,
              "sasl_plain_key": null,
              "sasl_plain_secret": null,
              "sasl_scram256_key": null,
              "sasl_scram256_secret": null,
              "sasl_scram512_key": null,
              "sasl_scram512_secret": null,
              "schema_name": null,
              "schema_registry_credentials_source": null,
              "schema_registry_key": null,
              "schema_registry_secret": null,
              "schema_registry_urls": null,
              "scope": null,
              "scopes": null,
              "seats": null,
              "secret": null,
              "secret_access_key": null,
              "secret_key": null,
              "secrets": null,
              "secrets_list": [],
              "secured_signon_key": null,
              "security_protocol": null,
              "segments": null,
              "selected_event_types": null,
              "selected_exports": null,
              "selected_range": null,
              "sender_id": null,
              "sender_password": null,
              "server": null,
              "server_address": null,
              "server_region": null,
              "server_url": null,
              "server_variable": null,
              "servers": null,
              "service_account": null,
              "service_account_email": null,
              "service_account_key": null,
              "service_account_secret": null,
              "service_account_username": null,
              "service_authentication": null,
              "service_name": null,
              "service_version": null,
              "sftp_host": null,
              "sftp_is_key_pair": null,
              "sftp_password": null,
              "sftp_port": null,
              "sftp_public_key": null,
              "sftp_user": null,
              "share_url": null,
              "sheet_id": null,
              "shop": null,
              "shop_domain": null,
              "short_code": null,
              "should_sync_events_with_deleted_profiles": null,
              "should_sync_predictive_analytics": null,
              "should_sync_reimport_tables": null,
              "show_records_with_no_metrics": null,
              "sid": null,
              "signature_encoding": null,
              "signer_public_key": null,
              "site_address": null,
              "site_id": null,
              "site_name": null,
              "site_urls": null,
              "skip_after": null,
              "skip_before": null,
              "skip_empty_reports": null,
              "snc_certificate": null,
              "snc_certificate_source": null,
              "snc_fivetran_name": null,
              "snc_library_path": null,
              "snc_mode": null,
              "snc_my_name": null,
              "snc_name": null,
              "snc_partner_name": null,
              "snc_source_name": null,
              "soap_uri": null,
              "social_data_sync_timeframe": null,
              "source": null,
              "source_file_type": null,
              "source_name": null,
              "storage_account_name": null,
              "store_hash": null,
              "store_id": null,
              "sub_collections": null,
              "sub_domain": null,
              "subdomain": null,
              "subscriber_name": null,
              "subscription": null,
              "subscription_key": null,
              "support_connected_accounts_sync": null,
              "support_nested_columns": null,
              "survey_ids": null,
              "swipe_attribution_window": null,
              "sync_all_versions": null,
              "sync_data_locker": null,
              "sync_format": null,
              "sync_formula_fields": null,
              "sync_metadata": null,
              "sync_method": null,
              "sync_mode": null,
              "sync_mode_advertiser": null,
              "sync_mode_seat": null,
              "sync_multiple_accounts": null,
              "sync_nested_files": null,
              "sync_pack_mode": null,
              "sync_permissions": null,
              "sync_pull_api": null,
              "sync_tables": null,
              "sync_type": null,
              "sysnr": null,
              "system_id": null,
              "table_id": null,
              "table_name": null,
              "tables_without_access_updated_at": null,
              "target_entity_id": null,
              "target_host": null,
              "tde_certificate": null,
              "tde_certificate_backup": null,
              "tde_certificate_name": null,
              "tde_certificate_path": null,
              "tde_password": null,
              "tde_private_key": null,
              "tde_private_key_backup": null,
              "tde_private_key_path": null,
              "tde_setting": null,
              "tde_wallet_password": null,
              "team_id": null,
              "technical_account_id": null,
              "template_labels": null,
              "tenant": null,
              "tenant_app_url": null,
              "tenant_code": null,
              "tenant_configs": [],
              "tenant_id": null,
              "tenant_name": null,
              "tenant_url": null,
              "test_table_name": null,
              "time_zone": null,
              "timeframe_months": null,
              "timezone": null,
              "timezone_mode": null,
              "tns": null,
              "toast_id": null,
              "token": null,
              "token_authenticated_container": null,
              "token_authenticated_database": null,
              "token_id": null,
              "token_key": null,
              "token_secret": null,
              "token_secret_key": null,
              "token_url_region": null,
              "topics": null,
              "tracking_subscription_key": null,
              "trust_store_type": null,
              "trusted_cert": null,
              "truststore": null,
              "tunnel_host": null,
              "tunnel_port": null,
              "tunnel_user": null,
              "type_name": null,
              "unique_id": null,
              "update_config_on_each_sync": null,
              "update_infrequent_objects_in_every_sync": null,
              "update_method": null,
              "uri": null,
              "url_format": null,
              "use_api_keys": null,
              "use_cloud_storage": null,
              "use_customer_bucket": null,
              "use_customer_s3_bucket": null,
              "use_data_sync": null,
              "use_harvest_api_v3": null,
              "use_message_server": null,
              "use_oracle_rac": null,
              "use_pdb_only": null,
              "use_pgp_encryption_options": null,
              "use_sap_router": null,
              "use_service_account": null,
              "use_template_labels": null,
              "use_webhooks": null,
              "use_workspace": null,
              "user": null,
              "user_id": null,
              "user_key": null,
              "user_name": null,
              "user_profiles": null,
              "user_token": null,
              "username": null,
              "vendors_id": null,
              "version": null,
              "view_attribution_window": null,
              "view_id": null,
              "view_through_attribution_window_size": null,
              "web_service_api_key": null,
              "webhook_endpoint": null,
              "webhook_key": null,
              "webhook_name": null,
              "webhook_url": null,
              "windows_auth_client_certificate": null,
              "windows_auth_grpc_host": null,
              "windows_auth_grpc_port": null,
              "windows_auth_server_certificate": null,
              "word_press_site_id_or_woocommerce_domain_name": null,
              "workplace_id": null,
              "workspace": null,
              "workspace_id": null,
              "workspace_name": null,
              "workspace_same_as_source": null,
              "workspace_schema": null,
              "workspace_token": null,
              "ws_certificate": null,
              "x_api_key": null,
              "x_key": null,
              "x_master_key": null,
              "x_user_email": null,
              "x_user_token": null
            },
            "connected_by": "_accountworthy",
            "created_at": "2026-06-01 16:37:31.694919 +0000 UTC",
            "data_delay_sensitivity": null,
            "data_delay_threshold": 0,
            "destination_schema": {
              "name": "test_itunes_connect",
              "prefix": null,
              "table": null,
              "table_group_name": null
            },
            "group_id": "_moonbeam",
            "hybrid_deployment_agent_id": null,
            "id": "outshoot_labor",
            "name": "test_itunes_connect",
            "networking_method": "Directly",
            "private_link_id": null,
            "proxy_agent_id": null,
            "run_setup_tests": false,
            "service": "itunes_connect",
            "timeouts": null,
            "trust_certificates": false,
            "trust_fingerprints": false
          },
          "sensitive_attributes": [
            [
              {
                "type": "get_attr",
                "value": "config"
              },
              {
                "type": "get_attr",
                "value": "abs_connection_string"
              }
            ],
            [
              {
                "type": "get_attr",
                "value": "config"
              },
              {
                "type": "get_attr",
                "value": "abs_export_connection_string"
              }
            ],
            [
              {
                "type": "get_attr",
                "value": "config"
              },
              {
                "type": "get_attr",
                "value": "access_key"
              }
            ],
            [
              {
                "type": "get_attr",
                "value": "config"
              },
              {
                "type": "get_attr",
                "value": "access_key_id"
              }
            ],
            [
              {
                "type": "get_attr",
                "value": "config"
              },
              {
                "type": "get_attr",
                "value": "access_key_secret"
              }
            ],
            [
              {
                "type": "get_attr",
                "value": "config"
              },
              {
                "type": "get_attr",
                "value": "access_token"
              }
            ],
            [
              {
                "type": "get_attr",
                "value": "config"
              },
              {
                "type": "get_attr",
                "value": "account_access_token"
              }
            ],
            [
              {
                "type": "get_attr",
                "value": "config"
              },
              {
                "type": "get_attr",
                "value": "account_key"
              }
            ],
            [
              {
                "type": "get_attr",
                "value": "config"
              },
              {
                "type": "get_attr",
                "value": "account_token"
              }
            ],
            [
              {
                "type": "get_attr",
                "value": "config"
              },
              {
                "type": "get_attr",
                "value": "admin_api_key"
              }
            ],
            [
              {
                "type": "get_attr",
                "value": "config"
              },
              {
                "type": "get_attr",
                "value": "agent_password"
              }
            ],
            [
              {
                "type": "get_attr",
                "value": "config"
              },
              {
                "type": "get_attr",
                "value": "agreement_grant_token"
              }
            ],
            [
              {
                "type": "get_attr",
                "value": "config"
              },
              {
                "type": "get_attr",
                "value": "api_access_token"
              }
            ],
            [
              {
                "type": "get_attr",
                "value": "config"
              },
              {
                "type": "get_attr",
                "value": "api_admin_key"
              }
            ],
            [
              {
                "type": "get_attr",
                "value": "config"
              },
              {
                "type": "get_attr",
                "value": "api_key"
              }
            ],
            [
              {
                "type": "get_attr",
                "value": "config"
              },
              {
                "type": "get_attr",
                "value": "api_key_2"
              }
            ],
            [
              {
                "type": "get_attr",
                "value": "config"
              },
              {
                "type": "get_attr",
                "value": "api_key_api_secret"
              }
            ],
            [
              {
                "type": "get_attr",
                "value": "config"
              },
              {
                "type": "get_attr",
                "value": "api_keys"
              }
            ],
            [
              {
                "type": "get_attr",
                "value": "config"
              },
              {
                "type": "get_attr",
                "value": "api_password"
              }
            ],
            [
              {
                "type": "get_attr",
                "value": "config"
              },
              {
                "type": "get_attr",
                "value": "api_read_access_token"
              }
            ],
            [
              {
                "type": "get_attr",
                "value": "config"
              },
              {
                "type": "get_attr",
                "value": "api_secret"
              }
            ],
            [
              {
                "type": "get_attr",
                "value": "config"
              },
              {
                "type": "get_attr",
                "value": "api_secret_key"
              }
            ],
            [
              {
                "type": "get_attr",
                "value": "config"
              },
              {
                "type": "get_attr",
                "value": "api_token"
              }
            ],
            [
              {
                "type": "get_attr",
                "value": "config"
              },
              {
                "type": "get_attr",
                "value": "api_user_identifier"
              }
            ],
            [
              {
                "type": "get_attr",
                "value": "config"
              },
              {
                "type": "get_attr",
                "value": "api_user_secret"
              }
            ],
            [
              {
                "type": "get_attr",
                "value": "config"
              },
              {
                "type": "get_attr",
                "value": "api_username"
              }
            ],
            [
              {
                "type": "get_attr",
                "value": "config"
              },
              {
                "type": "get_attr",
                "value": "app_id"
              }
            ],
            [
              {
                "type": "get_attr",
                "value": "config"
              },
              {
                "type": "get_attr",
                "value": "app_key"
              }
            ],
            [
              {
                "type": "get_attr",
                "value": "config"
              },
              {
                "type": "get_attr",
                "value": "app_secret"
              }
            ],
            [
              {
                "type": "get_attr",
                "value": "config"
              },
              {
                "type": "get_attr",
                "value": "app_secret_token"
              }
            ],
            [
              {
                "type": "get_attr",
                "value": "config"
              },
              {
                "type": "get_attr",
                "value": "app_specific_password"
              }
            ],
            [
              {
                "type": "get_attr",
                "value": "config"
              },
              {
                "type": "get_attr",
                "value": "application_key"
              }
            ],
            [
              {
                "type": "get_attr",
                "value": "config"
              },
              {
                "type": "get_attr",
                "value": "asm_password"
              }
            ],
            [
              {
                "type": "get_attr",
                "value": "config"
              },
              {
                "type": "get_attr",
                "value": "audience"
              }
            ],
            [
              {
                "type": "get_attr",
                "value": "config"
              },
              {
                "type": "get_attr",
                "value": "auth_code"
              }
            ],
            [
              {
                "type": "get_attr",
                "value": "config"
              },
              {
                "type": "get_attr",
                "value": "auth_secret"
              }
            ],
            [
              {
                "type": "get_attr",
                "value": "config"
              },
              {
                "type": "get_attr",
                "value": "auth_token"
              }
            ],
            [
              {
                "type": "get_attr",
                "value": "config"
              },
              {
                "type": "get_attr",
                "value": "bearer_token"
              }
            ],
            [
              {
                "type": "get_attr",
                "value": "config"
              },
              {
                "type": "get_attr",
                "value": "blob_sas_url"
              }
            ],
            [
              {
                "type": "get_attr",
                "value": "config"
              },
              {
                "type": "get_attr",
                "value": "business_id"
              }
            ],
            [
              {
                "type": "get_attr",
                "value": "config"
              },
              {
                "type": "get_attr",
                "value": "certificate"
              }
            ],
            [
              {
                "type": "get_attr",
                "value": "config"
              },
              {
                "type": "get_attr",
                "value": "certificate_id"
              }
            ],
            [
              {
                "type": "get_attr",
                "value": "config"
              },
              {
                "type": "get_attr",
                "value": "client_cert"
              }
            ],
            [
              {
                "type": "get_attr",
                "value": "config"
              },
              {
                "type": "get_attr",
                "value": "client_cert_key"
              }
            ],
            [
              {
                "type": "get_attr",
                "value": "config"
              },
              {
                "type": "get_attr",
                "value": "client_certificate"
              }
            ],
            [
              {
                "type": "get_attr",
                "value": "config"
              },
              {
                "type": "get_attr",
                "value": "client_certificate_private_key"
              }
            ],
            [
              {
                "type": "get_attr",
                "value": "config"
              },
              {
                "type": "get_attr",
                "value": "client_id"
              }
            ],
            [
              {
                "type": "get_attr",
                "value": "config"
              },
              {
                "type": "get_attr",
                "value": "client_key"
              }
            ],
            [
              {
                "type": "get_attr",
                "value": "config"
              },
              {
                "type": "get_attr",
                "value": "client_name"
              }
            ],
            [
              {
                "type": "get_attr",
                "value": "config"
              },
              {
                "type": "get_attr",
                "value": "client_private_key"
              }
            ],
            [
              {
                "type": "get_attr",
                "value": "config"
              },
              {
                "type": "get_attr",
                "value": "client_secret"
              }
            ],
            [
              {
                "type": "get_attr",
                "value": "config"
              },
              {
                "type": "get_attr",
                "value": "company_key"
              }
            ],
            [
              {
                "type": "get_attr",
                "value": "config"
              },
              {
                "type": "get_attr",
                "value": "company_request_token"
              }
            ],
            [
              {
                "type": "get_attr",
                "value": "config"
              },
              {
                "type": "get_attr",
                "value": "connect_password"
              }
            ],
            [
              {
                "type": "get_attr",
                "value": "config"
              },
              {
                "type": "get_attr",
                "value": "connection_string"
              }
            ],
            [
              {
                "type": "get_attr",
                "value": "config"
              },
              {
                "type": "get_attr",
                "value": "consumer_key"
              }
            ],
            [
              {
                "type": "get_attr",
                "value": "config"
              },
              {
                "type": "get_attr",
                "value": "consumer_secret"
              }
            ],
            [
              {
                "type": "get_attr",
                "value": "config"
              },
              {
                "type": "get_attr",
                "value": "container_name"
              }
            ],
            [
              {
                "type": "get_attr",
                "value": "config"
              },
              {
                "type": "get_attr",
                "value": "customer_api_key"
              }
            ],
            [
              {
                "type": "get_attr",
                "value": "config"
              },
              {
                "type": "get_attr",
                "value": "default_host"
              }
            ],
            [
              {
                "type": "get_attr",
                "value": "config"
              },
              {
                "type": "get_attr",
                "value": "dsv_password"
              }
            ],
            [
              {
                "type": "get_attr",
                "value": "config"
              },
              {
                "type": "get_attr",
                "value": "dsv_service_auth"
              }
            ],
            [
              {
                "type": "get_attr",
                "value": "config"
              },
              {
                "type": "get_attr",
                "value": "dsv_subscription_key"
              }
            ],
            [
              {
                "type": "get_attr",
                "value": "config"
              },
              {
                "type": "get_attr",
                "value": "encryption_key"
              }
            ],
            [
              {
                "type": "get_attr",
                "value": "config"
              },
              {
                "type": "get_attr",
                "value": "ftp_password"
              }
            ],
            [
              {
                "type": "get_attr",
                "value": "config"
              },
              {
                "type": "get_attr",
                "value": "function_key"
              }
            ],
            [
              {
                "type": "get_attr",
                "value": "config"
              },
              {
                "type": "get_attr",
                "value": "function_trigger"
              }
            ],
            [
              {
                "type": "get_attr",
                "value": "config"
              },
              {
                "type": "get_attr",
                "value": "hana_backup_password"
              }
            ],
            [
              {
                "type": "get_attr",
                "value": "config"
              },
              {
                "type": "get_attr",
                "value": "hostname"
              }
            ],
            [
              {
                "type": "get_attr",
                "value": "config"
              },
              {
                "type": "get_attr",
                "value": "integration_key"
              }
            ],
            [
              {
                "type": "get_attr",
                "value": "config"
              },
              {
                "type": "get_attr",
                "value": "key"
              }
            ],
            [
              {
                "type": "get_attr",
                "value": "config"
              },
              {
                "type": "get_attr",
                "value": "key_password"
              }
            ],
            [
              {
                "type": "get_attr",
                "value": "config"
              },
              {
                "type": "get_attr",
                "value": "keystore"
              }
            ],
            [
              {
                "type": "get_attr",
                "value": "config"
              },
              {
                "type": "get_attr",
                "value": "keystore_password"
              }
            ],
            [
              {
                "type": "get_attr",
                "value": "config"
              },
              {
                "type": "get_attr",
                "value": "login_password"
              }
            ],
            [
              {
                "type": "get_attr",
                "value": "config"
              },
              {
                "type": "get_attr",
                "value": "oauth_subscription_key"
              }
            ],
            [
              {
                "type": "get_attr",
                "value": "config"
              },
              {
                "type": "get_attr",
                "value": "oauth_token"
              }
            ],
            [
              {
                "type": "get_attr",
                "value": "config"
              },
              {
                "type": "get_attr",
                "value": "oauth_token_secret"
              }
            ],
            [
              {
                "type": "get_attr",
                "value": "config"
              },
              {
                "type": "get_attr",
                "value": "ocapi_client_secret"
              }
            ],
            [
              {
                "type": "get_attr",
                "value": "config"
              },
              {
                "type": "get_attr",
                "value": "partner_user_secret"
              }
            ],
            [
              {
                "type": "get_attr",
                "value": "config"
              },
              {
                "type": "get_attr",
                "value": "pass_phrase"
              }
            ],
            [
              {
                "type": "get_attr",
                "value": "config"
              },
              {
                "type": "get_attr",
                "value": "passphrase"
              }
            ],
            [
              {
                "type": "get_attr",
                "value": "config"
              },
              {
                "type": "get_attr",
                "value": "password"
              }
            ],
            [
              {
                "type": "get_attr",
                "value": "config"
              },
              {
                "type": "get_attr",
                "value": "pat"
              }
            ],
            [
              {
                "type": "get_attr",
                "value": "config"
              },
              {
                "type": "get_attr",
                "value": "pat_secret"
              }
            ],
            [
              {
                "type": "get_attr",
                "value": "config"
              },
              {
                "type": "get_attr",
                "value": "pats"
              }
            ],
            [
              {
                "type": "get_attr",
                "value": "config"
              },
              {
                "type": "get_attr",
                "value": "pem_certificate"
              }
            ],
            [
              {
                "type": "get_attr",
                "value": "config"
              },
              {
                "type": "get_attr",
                "value": "pem_private_key"
              }
            ],
            [
              {
                "type": "get_attr",
                "value": "config"
              },
              {
                "type": "get_attr",
                "value": "personal_access_token"
              }
            ],
            [
              {
                "type": "get_attr",
                "value": "config"
              },
              {
                "type": "get_attr",
                "value": "personal_api_token"
              }
            ],
            [
              {
                "type": "get_attr",
                "value": "config"
              },
              {
                "type": "get_attr",
                "value": "pgp_pass_phrase"
              }
            ],
            [
              {
                "type": "get_attr",
                "value": "config"
              },
              {
                "type": "get_attr",
                "value": "pgp_secret_key"
              }
            ],
            [
              {
                "type": "get_attr",
                "value": "config"
              },
              {
                "type": "get_attr",
                "value": "primary_key"
              }
            ],
            [
              {
                "type": "get_attr",
                "value": "config"
              },
              {
                "type": "get_attr",
                "value": "private_access_token"
              }
            ],
            [
              {
                "type": "get_attr",
                "value": "config"
              },
              {
                "type": "get_attr",
                "value": "private_key"
              }
            ],
            [
              {
                "type": "get_attr",
                "value": "config"
              },
              {
                "type": "get_attr",
                "value": "private_token"
              }
            ],
            [
              {
                "type": "get_attr",
                "value": "config"
              },
              {
                "type": "get_attr",
                "value": "project_access_token"
              }
            ],
            [
              {
                "type": "get_attr",
                "value": "config"
              },
              {
                "type": "get_attr",
                "value": "project_id"
              }
            ],
            [
              {
                "type": "get_attr",
                "value": "config"
              },
              {
                "type": "get_attr",
                "value": "public_key"
              }
            ],
            [
              {
                "type": "get_attr",
                "value": "config"
              },
              {
                "type": "get_attr",
                "value": "query_param_value"
              }
            ],
            [
              {
                "type": "get_attr",
                "value": "config"
              },
              {
                "type": "get_attr",
                "value": "refresh_token"
              }
            ],
            [
              {
                "type": "get_attr",
                "value": "config"
              },
              {
                "type": "get_attr",
                "value": "report_service_api_key"
              }
            ],
            [
              {
                "type": "get_attr",
                "value": "config"
              },
              {
                "type": "get_attr",
                "value": "resource_token"
              }
            ],
            [
              {
                "type": "get_attr",
                "value": "config"
              },
              {
                "type": "get_attr",
                "value": "role_arn"
              }
            ],
            [
              {
                "type": "get_attr",
                "value": "config"
              },
              {
                "type": "get_attr",
                "value": "s3_export_role_arn"
              }
            ],
            [
              {
                "type": "get_attr",
                "value": "config"
              },
              {
                "type": "get_attr",
                "value": "s3_role_arn"
              }
            ],
            [
              {
                "type": "get_attr",
                "value": "config"
              },
              {
                "type": "get_attr",
                "value": "s3role_arn"
              }
            ],
            [
              {
                "type": "get_attr",
                "value": "config"
              },
              {
                "type": "get_attr",
                "value": "salesforce_security_token"
              }
            ],
            [
              {
                "type": "get_attr",
                "value": "config"
              },
              {
                "type": "get_attr",
                "value": "sasl_plain_key"
              }
            ],
            [
              {
                "type": "get_attr",
                "value": "config"
              },
              {
                "type": "get_attr",
                "value": "sasl_plain_secret"
              }
            ],
            [
              {
                "type": "get_attr",
                "value": "config"
              },
              {
                "type": "get_attr",
                "value": "sasl_scram256_key"
              }
            ],
            [
              {
                "type": "get_attr",
                "value": "config"
              },
              {
                "type": "get_attr",
                "value": "sasl_scram256_secret"
              }
            ],
            [
              {
                "type": "get_attr",
                "value": "config"
              },
              {
                "type": "get_attr",
                "value": "sasl_scram512_key"
              }
            ],
            [
              {
                "type": "get_attr",
                "value": "config"
              },
              {
                "type": "get_attr",
                "value": "sasl_scram512_secret"
              }
            ],
            [
              {
                "type": "get_attr",
                "value": "config"
              },
              {
                "type": "get_attr",
                "value": "schema_registry_key"
              }
            ],
            [
              {
                "type": "get_attr",
                "value": "config"
              },
              {
                "type": "get_attr",
                "value": "schema_registry_secret"
              }
            ],
            [
              {
                "type": "get_attr",
                "value": "config"
              },
              {
                "type": "get_attr",
                "value": "secret"
              }
            ],
            [
              {
                "type": "get_attr",
                "value": "config"
              },
              {
                "type": "get_attr",
                "value": "secret_access_key"
              }
            ],
            [
              {
                "type": "get_attr",
                "value": "config"
              },
              {
                "type": "get_attr",
                "value": "secret_key"
              }
            ],
            [
              {
                "type": "get_attr",
                "value": "config"
              },
              {
                "type": "get_attr",
                "value": "secrets"
              }
            ],
            [
              {
                "type": "get_attr",
                "value": "config"
              },
              {
                "type": "get_attr",
                "value": "secured_signon_key"
              }
            ],
            [
              {
                "type": "get_attr",
                "value": "config"
              },
              {
                "type": "get_attr",
                "value": "sender_password"
              }
            ],
            [
              {
                "type": "get_attr",
                "value": "config"
              },
              {
                "type": "get_attr",
                "value": "service_account_key"
              }
            ],
            [
              {
                "type": "get_attr",
                "value": "config"
              },
              {
                "type": "get_attr",
                "value": "service_account_secret"
              }
            ],
            [
              {
                "type": "get_attr",
                "value": "config"
              },
              {
                "type": "get_attr",
                "value": "service_authentication"
              }
            ],
            [
              {
                "type": "get_attr",
                "value": "config"
              },
              {
                "type": "get_attr",
                "value": "sftp_password"
              }
            ],
            [
              {
                "type": "get_attr",
                "value": "config"
              },
              {
                "type": "get_attr",
                "value": "short_code"
              }
            ],
            [
              {
                "type": "get_attr",
                "value": "config"
              },
              {
                "type": "get_attr",
                "value": "snc_certificate"
              }
            ],
            [
              {
                "type": "get_attr",
                "value": "config"
              },
              {
                "type": "get_attr",
                "value": "snc_certificate_source"
              }
            ],
            [
              {
                "type": "get_attr",
                "value": "config"
              },
              {
                "type": "get_attr",
                "value": "subscription_key"
              }
            ],
            [
              {
                "type": "get_attr",
                "value": "config"
              },
              {
                "type": "get_attr",
                "value": "tde_certificate"
              }
            ],
            [
              {
                "type": "get_attr",
                "value": "config"
              },
              {
                "type": "get_attr",
                "value": "tde_certificate_backup"
              }
            ],
            [
              {
                "type": "get_attr",
                "value": "config"
              },
              {
                "type": "get_attr",
                "value": "tde_certificate_path"
              }
            ],
            [
              {
                "type": "get_attr",
                "value": "config"
              },
              {
                "type": "get_attr",
                "value": "tde_password"
              }
            ],
            [
              {
                "type": "get_attr",
                "value": "config"
              },
              {
                "type": "get_attr",
                "value": "tde_private_key"
              }
            ],
            [
              {
                "type": "get_attr",
                "value": "config"
              },
              {
                "type": "get_attr",
                "value": "tde_private_key_backup"
              }
            ],
            [
              {
                "type": "get_attr",
                "value": "config"
              },
              {
                "type": "get_attr",
                "value": "tde_private_key_path"
              }
            ],
            [
              {
                "type": "get_attr",
                "value": "config"
              },
              {
                "type": "get_attr",
                "value": "tde_wallet_password"
              }
            ],
            [
              {
                "type": "get_attr",
                "value": "config"
              },
              {
                "type": "get_attr",
                "value": "tenant_id"
              }
            ],
            [
              {
                "type": "get_attr",
                "value": "config"
              },
              {
                "type": "get_attr",
                "value": "token"
              }
            ],
            [
              {
                "type": "get_attr",
                "value": "config"
              },
              {
                "type": "get_attr",
                "value": "token_id"
              }
            ],
            [
              {
                "type": "get_attr",
                "value": "config"
              },
              {
                "type": "get_attr",
                "value": "token_key"
              }
            ],
            [
              {
                "type": "get_attr",
                "value": "config"
              },
              {
                "type": "get_attr",
                "value": "token_secret"
              }
            ],
            [
              {
                "type": "get_attr",
                "value": "config"
              },
              {
                "type": "get_attr",
                "value": "token_secret_key"
              }
            ],
            [
              {
                "type": "get_attr",
                "value": "config"
              },
              {
                "type": "get_attr",
                "value": "tracking_subscription_key"
              }
            ],
            [
              {
                "type": "get_attr",
                "value": "config"
              },
              {
                "type": "get_attr",
                "value": "trusted_cert"
              }
            ],
            [
              {
                "type": "get_attr",
                "value": "config"
              },
              {
                "type": "get_attr",
                "value": "truststore"
              }
            ],
            [
              {
                "type": "get_attr",
                "value": "config"
              },
              {
                "type": "get_attr",
                "value": "user_key"
              }
            ],
            [
              {
                "type": "get_attr",
                "value": "config"
              },
              {
                "type": "get_attr",
                "value": "user_token"
              }
            ],
            [
              {
                "type": "get_attr",
                "value": "config"
              },
              {
                "type": "get_attr",
                "value": "username"
              }
            ],
            [
              {
                "type": "get_attr",
                "value": "config"
              },
              {
                "type": "get_attr",
                "value": "web_service_api_key"
              }
            ],
            [
              {
                "type": "get_attr",
                "value": "config"
              },
              {
                "type": "get_attr",
                "value": "windows_auth_client_certificate"
              }
            ],
            [
              {
                "type": "get_attr",
                "value": "config"
              },
              {
                "type": "get_attr",
                "value": "windows_auth_server_certificate"
              }
            ],
            [
              {
                "type": "get_attr",
                "value": "config"
              },
              {
                "type": "get_attr",
                "value": "workspace_token"
              }
            ],
            [
              {
                "type": "get_attr",
                "value": "config"
              },
              {
                "type": "get_attr",
                "value": "ws_certificate"
              }
            ],
            [
              {
                "type": "get_attr",
                "value": "config"
              },
              {
                "type": "get_attr",
                "value": "x_api_key"
              }
            ],
            [
              {
                "type": "get_attr",
                "value": "config"
              },
              {
                "type": "get_attr",
                "value": "x_key"
              }
            ],
            [
              {
                "type": "get_attr",
                "value": "config"
              },
              {
                "type": "get_attr",
                "value": "x_master_key"
              }
            ],
            [
              {
                "type": "get_attr",
                "value": "config"
              },
              {
                "type": "get_attr",
                "value": "x_user_token"
              }
            ]
          ],
          "identity_schema_version": 0
        }
      ]
    },
    {
      "mode": "managed",
      "type": "fivetran_connector_schedule",
      "name": "test",
      "provider": "provider[\"registry.terraform.io/fivetran/fivetran\"]",
      "instances": [
        {
          "schema_version": 0,
          "attributes": {
            "connector_id": "outshoot_labor",
            "connector_name": null,
            "daily_sync_time": null,
            "group_id": null,
            "id": "outshoot_labor",
            "pause_after_trial": "false",
            "paused": "false",
            "schedule": null,
            "schedule_type": "auto",
            "sync_frequency": "60"
          },
          "sensitive_attributes": [],
          "identity_schema_version": 0,
          "dependencies": [
            "fivetran_connector.connector"
          ]
        }
      ]
    }
  ],
  "check_results": null
}
